// !$*UTF8*$!
{
	archiveVersion = 1;
	classes = {
	};
	objectVersion = 46;
	objects = {

/* Begin PBXBuildFile section */
		6541A81B1EE95A41000EE9A4 /* AddViewController.swift in Sources */ = {isa = PBXBuildFile; fileRef = 6541A81A1EE95A41000EE9A4 /* AddViewController.swift */; };
		6579686A1EE9161600D09D01 /* AppDelegate.swift in Sources */ = {isa = PBXBuildFile; fileRef = 657968691EE9161600D09D01 /* AppDelegate.swift */; };
		6579686F1EE9161600D09D01 /* Main.storyboard in Resources */ = {isa = PBXBuildFile; fileRef = 6579686D1EE9161600D09D01 /* Main.storyboard */; };
		657968711EE9161600D09D01 /* Assets.xcassets in Resources */ = {isa = PBXBuildFile; fileRef = 657968701EE9161600D09D01 /* Assets.xcassets */; };
		657968741EE9161600D09D01 /* LaunchScreen.storyboard in Resources */ = {isa = PBXBuildFile; fileRef = 657968721EE9161600D09D01 /* LaunchScreen.storyboard */; };
		6579687C1EE9197300D09D01 /* TableViewController.swift in Sources */ = {isa = PBXBuildFile; fileRef = 6579687B1EE9197300D09D01 /* TableViewController.swift */; };
/* End PBXBuildFile section */

/* Begin PBXFileReference section */
		6541A81A1EE95A41000EE9A4 /* AddViewController.swift */ = {isa = PBXFileReference; lastKnownFileType = sourcecode.swift; path = AddViewController.swift; sourceTree = "<group>"; };
		657968661EE9161600D09D01 /* Ventori.app */ = {isa = PBXFileReference; explicitFileType = wrapper.application; includeInIndex = 0; path = Ventori.app; sourceTree = BUILT_PRODUCTS_DIR; };
		657968691EE9161600D09D01 /* AppDelegate.swift */ = {isa = PBXFileReference; lastKnownFileType = sourcecode.swift; path = AppDelegate.swift; sourceTree = "<group>"; };
		6579686E1EE9161600D09D01 /* Base */ = {isa = PBXFileReference; lastKnownFileType = file.storyboard; name = Base; path = Base.lproj/Main.storyboard; sourceTree = "<group>"; };
		657968701EE9161600D09D01 /* Assets.xcassets */ = {isa = PBXFileReference; lastKnownFileType = folder.assetcatalog; path = Assets.xcassets; sourceTree = "<group>"; };
		657968731EE9161600D09D01 /* Base */ = {isa = PBXFileReference; lastKnownFileType = file.storyboard; name = Base; path = Base.lproj/LaunchScreen.storyboard; sourceTree = "<group>"; };
		657968751EE9161600D09D01 /* Info.plist */ = {isa = PBXFileReference; lastKnownFileType = text.plist.xml; path = Info.plist; sourceTree = "<group>"; };
		6579687B1EE9197300D09D01 /* TableViewController.swift */ = {isa = PBXFileReference; fileEncoding = 4; lastKnownFileType = sourcecode.swift; path = TableViewController.swift; sourceTree = "<group>"; };
/* End PBXFileReference section */

/* Begin PBXFrameworksBuildPhase section */
		657968631EE9161600D09D01 /* Frameworks */ = {
			isa = PBXFrameworksBuildPhase;
			buildActionMask = 2147483647;
			files = (
			);
			runOnlyForDeploymentPostprocessing = 0;
		};
/* End PBXFrameworksBuildPhase section */

/* Begin PBXGroup section */
		6579685D1EE9161600D09D01 = {
			isa = PBXGroup;
			children = (
				657968681EE9161600D09D01 /* Ventori */,
				657968671EE9161600D09D01 /* Products */,
			);
			sourceTree = "<group>";
		};
		657968671EE9161600D09D01 /* Products */ = {
			isa = PBXGroup;
			children = (
				657968661EE9161600D09D01 /* Ventori.app */,
			);
			name = Products;
			sourceTree = "<group>";
		};
		657968681EE9161600D09D01 /* Ventori */ = {
			isa = PBXGroup;
			children = (
				6541A81A1EE95A41000EE9A4 /* AddViewController.swift */,
				6579687B1EE9197300D09D01 /* TableViewController.swift */,
				657968691EE9161600D09D01 /* AppDelegate.swift */,
				6579686D1EE9161600D09D01 /* Main.storyboard */,
				657968701EE9161600D09D01 /* Assets.xcassets */,
				657968721EE9161600D09D01 /* LaunchScreen.storyboard */,
				657968751EE9161600D09D01 /* Info.plist */,
			);
			path = Ventori;
			sourceTree = "<group>";
		};
/* End PBXGroup section */

/* Begin PBXNativeTarget section */
		657968651EE9161600D09D01 /* Ventori */ = {
			isa = PBXNativeTarget;
			buildConfigurationList = 657968781EE9161600D09D01 /* Build configuration list for PBXNativeTarget "Ventori" */;
			buildPhases = (
				657968621EE9161600D09D01 /* Sources */,
				657968631EE9161600D09D01 /* Frameworks */,
				657968641EE9161600D09D01 /* Resources */,
			);
			buildRules = (
			);
			dependencies = (
			);
			name = Ventori;
			productName = Ventori;
			productReference = 657968661EE9161600D09D01 /* Ventori.app */;
			productType = "com.apple.product-type.application";
		};
/* End PBXNativeTarget section */

/* Begin PBXProject section */
		6579685E1EE9161600D09D01 /* Project object */ = {
			isa = PBXProject;
			attributes = {
				LastSwiftUpdateCheck = 0830;
				LastUpgradeCheck = 0830;
				ORGANIZATIONNAME = "Corruption of Conformity";
				TargetAttributes = {
					657968651EE9161600D09D01 = {
						CreatedOnToolsVersion = 8.3.2;
						DevelopmentTeam = 4Z5JKF2M6S;
						ProvisioningStyle = Automatic;
					};
				};
			};
			buildConfigurationList = 657968611EE9161600D09D01 /* Build configuration list for PBXProject "Ventori" */;
			compatibilityVersion = "Xcode 3.2";
			developmentRegion = English;
			hasScannedForEncodings = 0;
			knownRegions = (
				en,
				Base,
			);
			mainGroup = 6579685D1EE9161600D09D01;
			productRefGroup = 657968671EE9161600D09D01 /* Products */;
			projectDirPath = "";
			projectRoot = "";
			targets = (
				657968651EE9161600D09D01 /* Ventori */,
			);
		};
/* End PBXProject section */

/* Begin PBXResourcesBuildPhase section */
		657968641EE9161600D09D01 /* Resources */ = {
			isa = PBXResourcesBuildPhase;
			buildActionMask = 2147483647;
			files = (
				657968741EE9161600D09D01 /* LaunchScreen.storyboard in Resources */,
				657968711EE9161600D09D01 /* Assets.xcassets in Resources */,
				6579686F1EE9161600D09D01 /* Main.storyboard in Resources */,
			);
			runOnlyForDeploymentPostprocessing = 0;
		};
/* End PBXResourcesBuildPhase section */

/* Begin PBXSourcesBuildPhase section */
		657968621EE9161600D09D01 /* Sources */ = {
			isa = PBXSourcesBuildPhase;
			buildActionMask = 2147483647;
			files = (
				6579686A1EE9161600D09D01 /* AppDelegate.swift in Sources */,
				6579687C1EE9197300D09D01 /* TableViewController.swift in Sources */,
				6541A81B1EE95A41000EE9A4 /* AddViewController.swift in Sources */,
			);
			runOnlyForDeploymentPostprocessing = 0;
		};
/* End PBXSourcesBuildPhase section */

/* Begin PBXVariantGroup section */
		6579686D1EE9161600D09D01 /* Main.storyboard */ = {
			isa = PBXVariantGroup;
			children = (
				6579686E1EE9161600D09D01 /* Base */,
			);
			name = Main.storyboard;
			sourceTree = "<group>";
		};
		657968721EE9161600D09D01 /* LaunchScreen.storyboard */ = {
			isa = PBXVariantGroup;
			children = (
				657968731EE9161600D09D01 /* Base */,
			);
			name = LaunchScreen.storyboard;
			sourceTree = "<group>";
		};
/* End PBXVariantGroup section */

/* Begin XCBuildConfiguration section */
		657968761EE9161600D09D01 /* Debug */ = {
			isa = XCBuildConfiguration;
			buildSettings = {
				ALWAYS_SEARCH_USER_PATHS = NO;
				CLANG_ANALYZER_NONNULL = YES;
				CLANG_ANALYZER_NUMBER_OBJECT_CONVERSION = YES_AGGRESSIVE;
				CLANG_CXX_LANGUAGE_STANDARD = "gnu++0x";
				CLANG_CXX_LIBRARY = "libc++";
				CLANG_ENABLE_MODULES = YES;
				CLANG_ENABLE_OBJC_ARC = YES;
				CLANG_WARN_BOOL_CONVERSION = YES;
				CLANG_WARN_CONSTANT_CONVERSION = YES;
				CLANG_WARN_DIRECT_OBJC_ISA_USAGE = YES_ERROR;
				CLANG_WARN_DOCUMENTATION_COMMENTS = YES;
				CLANG_WARN_EMPTY_BODY = YES;
				CLANG_WARN_ENUM_CONVERSION = YES;
				CLANG_WARN_INFINITE_RECURSION = YES;
				CLANG_WARN_INT_CONVERSION = YES;
				CLANG_WARN_OBJC_ROOT_CLASS = YES_ERROR;
				CLANG_WARN_SUSPICIOUS_MOVE = YES;
				CLANG_WARN_UNREACHABLE_CODE = YES;
				CLANG_WARN__DUPLICATE_METHOD_MATCH = YES;
				"CODE_SIGN_IDENTITY[sdk=iphoneos*]" = "iPhone Developer";
				COPY_PHASE_STRIP = NO;
				DEBUG_INFORMATION_FORMAT = dwarf;
				ENABLE_STRICT_OBJC_MSGSEND = YES;
				ENABLE_TESTABILITY = YES;
				GCC_C_LANGUAGE_STANDARD = gnu99;
				GCC_DYNAMIC_NO_PIC = NO;
				GCC_NO_COMMON_BLOCKS = YES;
				GCC_OPTIMIZATION_LEVEL = 0;
				GCC_PREPROCESSOR_DEFINITIONS = (
					"DEBUG=1",
					"$(inherited)",
				);
				GCC_WARN_64_TO_32_BIT_CONVERSION = YES;
				GCC_WARN_ABOUT_RETURN_TYPE = YES_ERROR;
				GCC_WARN_UNDECLARED_SELECTOR = YES;
				GCC_WARN_UNINITIALIZED_AUTOS = YES_AGGRESSIVE;
				GCC_WARN_UNUSED_FUNCTION = YES;
				GCC_WARN_UNUSED_VARIABLE = YES;
				IPHONEOS_DEPLOYMENT_TARGET = 10.3;
				MTL_ENABLE_DEBUG_INFO = YES;
				ONLY_ACTIVE_ARCH = YES;
				SDKROOT = iphoneos;
				SWIFT_ACTIVE_COMPILATION_CONDITIONS = DEBUG;
				SWIFT_OPTIMIZATION_LEVEL = "-Onone";
				TARGETED_DEVICE_FAMILY = "1,2";
			};
			name = Debug;
		};
		657968771EE9161600D09D01 /* Release */ = {
			isa = XCBuildConfiguration;
			buildSettings = {
				ALWAYS_SEARCH_USER_PATHS = NO;
				CLANG_ANALYZER_NONNULL = YES;
				CLANG_ANALYZER_NUMBER_OBJECT_CONVERSION = YES_AGGRESSIVE;
				CLANG_CXX_LANGUAGE_STANDARD = "gnu++0x";
				CLANG_CXX_LIBRARY = "libc++";
				CLANG_ENABLE_MODULES = YES;
				CLANG_ENABLE_OBJC_ARC = YES;
				CLANG_WARN_BOOL_CONVERSION = YES;
				CLANG_WARN_CONSTANT_CONVERSION = YES;
				CLANG_WARN_DIRECT_OBJC_ISA_USAGE = YES_ERROR;
				CLANG_WARN_DOCUMENTATION_COMMENTS = YES;
				CLANG_WARN_EMPTY_BODY = YES;
				CLANG_WARN_ENUM_CONVERSION = YES;
				CLANG_WARN_INFINITE_RECURSION = YES;
				CLANG_WARN_INT_CONVERSION = YES;
				CLANG_WARN_OBJC_ROOT_CLASS = YES_ERROR;
				CLANG_WARN_SUSPICIOUS_MOVE = YES;
				CLANG_WARN_UNREACHABLE_CODE = YES;
				CLANG_WARN__DUPLICATE_METHOD_MATCH = YES;
				"CODE_SIGN_IDENTITY[sdk=iphoneos*]" = "iPhone Developer";
				COPY_PHASE_STRIP = NO;
				DEBUG_INFORMATION_FORMAT = "dwarf-with-dsym";
				ENABLE_NS_ASSERTIONS = NO;
				ENABLE_STRICT_OBJC_MSGSEND = YES;
				GCC_C_LANGUAGE_STANDARD = gnu99;
				GCC_NO_COMMON_BLOCKS = YES;
				GCC_WARN_64_TO_32_BIT_CONVERSION = YES;
				GCC_WARN_ABOUT_RETURN_TYPE = YES_ERROR;
				GCC_WARN_UNDECLARED_SELECTOR = YES;
				GCC_WARN_UNINITIALIZED_AUTOS = YES_AGGRESSIVE;
				GCC_WARN_UNUSED_FUNCTION = YES;
				GCC_WARN_UNUSED_VARIABLE = YES;
				IPHONEOS_DEPLOYMENT_TARGET = 10.3;
				MTL_ENABLE_DEBUG_INFO = NO;
				SDKROOT = iphoneos;
				SWIFT_OPTIMIZATION_LEVEL = "-Owholemodule";
				TARGETED_DEVICE_FAMILY = "1,2";
				VALIDATE_PRODUCT = YES;
			};
			name = Release;
		};
		657968791EE9161600D09D01 /* Debug */ = {
			isa = XCBuildConfiguration;
			buildSettings = {
				ASSETCATALOG_COMPILER_APPICON_NAME = AppIcon;
				DEVELOPMENT_TEAM = 4Z5JKF2M6S;
				INFOPLIST_FILE = Ventori/Info.plist;
				LD_RUNPATH_SEARCH_PATHS = "$(inherited) @executable_path/Frameworks";
				PRODUCT_BUNDLE_IDENTIFIER = org.corruptionofconformity.Ventori;
				PRODUCT_NAME = "$(TARGET_NAME)";
				SWIFT_VERSION = 3.0;
			};
			name = Debug;
		};
		6579687A1EE9161600D09D01 /* Release */ = {
			isa = XCBuildConfiguration;
			buildSettings = {
				ASSETCATALOG_COMPILER_APPICON_NAME = AppIcon;
				DEVELOPMENT_TEAM = 4Z5JKF2M6S;
				INFOPLIST_FILE = Ventori/Info.plist;
				LD_RUNPATH_SEARCH_PATHS = "$(inherited) @executable_path/Frameworks";
				PRODUCT_BUNDLE_IDENTIFIER = org.corruptionofconformity.Ventori;
				PRODUCT_NAME = "$(TARGET_NAME)";
				SWIFT_VERSION = 3.0;
			};
			name = Release;
		};
/* End XCBuildConfiguration section */

/* Begin XCConfigurationList section */
		657968611EE9161600D09D01 /* Build configuration list for PBXProject "Ventori" */ = {
			isa = XCConfigurationList;
			buildConfigurations = (
				657968761EE9161600D09D01 /* Debug */,
				657968771EE9161600D09D01 /* Release */,
			);
			defaultConfigurationIsVisible = 0;
			defaultConfigurationName = Release;
		};
		657968781EE9161600D09D01 /* Build configuration list for PBXNativeTarget "Ventori" */ = {
			isa = XCConfigurationList;
			buildConfigurations = (
				657968791EE9161600D09D01 /* Debug */,
				6579687A1EE9161600D09D01 /* Release */,
			);
			defaultConfigurationIsVisible = 0;
			defaultConfigurationName = Release;
		};
/* End XCConfigurationList section */
	};
	rootObject = 6579685E1EE9161600D09D01 /* Project object */;
}
